// !$*UTF8*$!
{
	archiveVersion = 1;
	classes = {
	};
	objectVersion = 50;
	objects = {

/* Begin PBXBuildFile section */
		7B024229216DEF9500591CFE /* work_in_progress.png in Resources */ = {isa = PBXBuildFile; fileRef = 7B024228216DEF9500591CFE /* work_in_progress.png */; };
		7BBD400121634DF3006AB145 /* WebViewController.swift in Sources */ = {isa = PBXBuildFile; fileRef = 7BBD400021634DF3006AB145 /* WebViewController.swift */; };
		7BBD6387215CC043000924F0 /* AppDelegate.swift in Sources */ = {isa = PBXBuildFile; fileRef = 7BBD6386215CC043000924F0 /* AppDelegate.swift */; };
		7BBD6389215CC043000924F0 /* ViewController.swift in Sources */ = {isa = PBXBuildFile; fileRef = 7BBD6388215CC043000924F0 /* ViewController.swift */; };
		7BBD638C215CC043000924F0 /* Main.storyboard in Resources */ = {isa = PBXBuildFile; fileRef = 7BBD638A215CC043000924F0 /* Main.storyboard */; };
		7BBD638E215CC046000924F0 /* Assets.xcassets in Resources */ = {isa = PBXBuildFile; fileRef = 7BBD638D215CC046000924F0 /* Assets.xcassets */; };
		7BBD6391215CC046000924F0 /* LaunchScreen.storyboard in Resources */ = {isa = PBXBuildFile; fileRef = 7BBD638F215CC046000924F0 /* LaunchScreen.storyboard */; };
		7BBD639C215CC046000924F0 /* n2kMemoTests.swift in Sources */ = {isa = PBXBuildFile; fileRef = 7BBD639B215CC046000924F0 /* n2kMemoTests.swift */; };
		7BBD63A7215CC046000924F0 /* n2kMemoUITests.swift in Sources */ = {isa = PBXBuildFile; fileRef = 7BBD63A6215CC046000924F0 /* n2kMemoUITests.swift */; };
		7BBD63B5215CFD11000924F0 /* Common.swift in Sources */ = {isa = PBXBuildFile; fileRef = 7BBD63B4215CFD11000924F0 /* Common.swift */; };
		7BBD63BE215D0E46000924F0 /* NotificationService.swift in Sources */ = {isa = PBXBuildFile; fileRef = 7BBD63BD215D0E46000924F0 /* NotificationService.swift */; };
		7BBD63C2215D0E46000924F0 /* n2k MemoServiceExtension.appex in Embed App Extensions */ = {isa = PBXBuildFile; fileRef = 7BBD63BB215D0E46000924F0 /* n2k MemoServiceExtension.appex */; settings = {ATTRIBUTES = (RemoveHeadersOnCopy, ); }; };
		7BBD63CE215D16C6000924F0 /* UserNotifications.framework in Frameworks */ = {isa = PBXBuildFile; fileRef = 7BBD63CD215D16C6000924F0 /* UserNotifications.framework */; };
		7BBD63D0215D16C6000924F0 /* UserNotificationsUI.framework in Frameworks */ = {isa = PBXBuildFile; fileRef = 7BBD63CF215D16C6000924F0 /* UserNotificationsUI.framework */; };
		7BBD63D3215D16C6000924F0 /* NotificationViewController.swift in Sources */ = {isa = PBXBuildFile; fileRef = 7BBD63D2215D16C6000924F0 /* NotificationViewController.swift */; };
		7BBD63D6215D16C6000924F0 /* MainInterface.storyboard in Resources */ = {isa = PBXBuildFile; fileRef = 7BBD63D4215D16C6000924F0 /* MainInterface.storyboard */; };
		7BBD63DA215D16C6000924F0 /* n2k MemoContentExtension.appex in Embed App Extensions */ = {isa = PBXBuildFile; fileRef = 7BBD63CB215D16C6000924F0 /* n2k MemoContentExtension.appex */; settings = {ATTRIBUTES = (RemoveHeadersOnCopy, ); }; };
		7BBD63E0215D205F000924F0 /* CloudKitMethods.swift in Sources */ = {isa = PBXBuildFile; fileRef = 7BBD63DF215D205F000924F0 /* CloudKitMethods.swift */; };
		7BBD63E5215D20C4000924F0 /* CloudKit.framework in Frameworks */ = {isa = PBXBuildFile; fileRef = 7BBD63E4215D20C4000924F0 /* CloudKit.framework */; };
		7BBD63E7215D21F3000924F0 /* PostingViewController.swift in Sources */ = {isa = PBXBuildFile; fileRef = 7BBD63E6215D21F3000924F0 /* PostingViewController.swift */; };
		7BBD63E9215D2209000924F0 /* ConfigViewController.swift in Sources */ = {isa = PBXBuildFile; fileRef = 7BBD63E8215D2209000924F0 /* ConfigViewController.swift */; };
		7BBD63ED215D27D6000924F0 /* Certificates.pem in Resources */ = {isa = PBXBuildFile; fileRef = 7BBD63EC215D27D6000924F0 /* Certificates.pem */; };
		7BBD63EF215D4530000924F0 /* Certificates.p12 in Resources */ = {isa = PBXBuildFile; fileRef = 7BBD63EE215D4530000924F0 /* Certificates.p12 */; };
		7BBD63F1215D5E0F000924F0 /* CloudKit.framework in Frameworks */ = {isa = PBXBuildFile; fileRef = 7BBD63E4215D20C4000924F0 /* CloudKit.framework */; };
/* End PBXBuildFile section */

/* Begin PBXContainerItemProxy section */
		7BBD6398215CC046000924F0 /* PBXContainerItemProxy */ = {
			isa = PBXContainerItemProxy;
			containerPortal = 7BBD637B215CC043000924F0 /* Project object */;
			proxyType = 1;
			remoteGlobalIDString = 7BBD6382215CC043000924F0;
			remoteInfo = n2kMemo;
		};
		7BBD63A3215CC046000924F0 /* PBXContainerItemProxy */ = {
			isa = PBXContainerItemProxy;
			containerPortal = 7BBD637B215CC043000924F0 /* Project object */;
			proxyType = 1;
			remoteGlobalIDString = 7BBD6382215CC043000924F0;
			remoteInfo = n2kMemo;
		};
		7BBD63C0215D0E46000924F0 /* PBXContainerItemProxy */ = {
			isa = PBXContainerItemProxy;
			containerPortal = 7BBD637B215CC043000924F0 /* Project object */;
			proxyType = 1;
			remoteGlobalIDString = 7BBD63BA215D0E46000924F0;
			remoteInfo = n2kMemoServiceExtension;
		};
		7BBD63D8215D16C6000924F0 /* PBXContainerItemProxy */ = {
			isa = PBXContainerItemProxy;
			containerPortal = 7BBD637B215CC043000924F0 /* Project object */;
			proxyType = 1;
			remoteGlobalIDString = 7BBD63CA215D16C6000924F0;
			remoteInfo = n2kMemoContentExtension;
		};
/* End PBXContainerItemProxy section */

/* Begin PBXCopyFilesBuildPhase section */
		7BBD63C6215D0E47000924F0 /* Embed App Extensions */ = {
			isa = PBXCopyFilesBuildPhase;
			buildActionMask = 2147483647;
			dstPath = "";
			dstSubfolderSpec = 13;
			files = (
				7BBD63DA215D16C6000924F0 /* n2k MemoContentExtension.appex in Embed App Extensions */,
				7BBD63C2215D0E46000924F0 /* n2k MemoServiceExtension.appex in Embed App Extensions */,
			);
			name = "Embed App Extensions";
			runOnlyForDeploymentPostprocessing = 0;
		};
/* End PBXCopyFilesBuildPhase section */

/* Begin PBXFileReference section */
		7B024228216DEF9500591CFE /* work_in_progress.png */ = {isa = PBXFileReference; lastKnownFileType = image.png; name = work_in_progress.png; path = Assets.xcassets/work_in_progress.imageset/work_in_progress.png; sourceTree = "<group>"; };
		7BBD400021634DF3006AB145 /* WebViewController.swift */ = {isa = PBXFileReference; fileEncoding = 4; lastKnownFileType = sourcecode.swift; path = WebViewController.swift; sourceTree = "<group>"; };
		7BBD6383215CC043000924F0 /* n2k Memo.app */ = {isa = PBXFileReference; explicitFileType = wrapper.application; includeInIndex = 0; path = "n2k Memo.app"; sourceTree = BUILT_PRODUCTS_DIR; };
		7BBD6386215CC043000924F0 /* AppDelegate.swift */ = {isa = PBXFileReference; lastKnownFileType = sourcecode.swift; path = AppDelegate.swift; sourceTree = "<group>"; };
		7BBD6388215CC043000924F0 /* ViewController.swift */ = {isa = PBXFileReference; lastKnownFileType = sourcecode.swift; path = ViewController.swift; sourceTree = "<group>"; };
		7BBD638B215CC043000924F0 /* Base */ = {isa = PBXFileReference; lastKnownFileType = file.storyboard; name = Base; path = Base.lproj/Main.storyboard; sourceTree = "<group>"; };
		7BBD638D215CC046000924F0 /* Assets.xcassets */ = {isa = PBXFileReference; lastKnownFileType = folder.assetcatalog; path = Assets.xcassets; sourceTree = "<group>"; };
		7BBD6390215CC046000924F0 /* Base */ = {isa = PBXFileReference; lastKnownFileType = file.storyboard; name = Base; path = Base.lproj/LaunchScreen.storyboard; sourceTree = "<group>"; };
		7BBD6392215CC046000924F0 /* Info.plist */ = {isa = PBXFileReference; lastKnownFileType = text.plist.xml; path = Info.plist; sourceTree = "<group>"; };
		7BBD6397215CC046000924F0 /* n2k MemoTests.xctest */ = {isa = PBXFileReference; explicitFileType = wrapper.cfbundle; includeInIndex = 0; path = "n2k MemoTests.xctest"; sourceTree = BUILT_PRODUCTS_DIR; };
		7BBD639B215CC046000924F0 /* n2kMemoTests.swift */ = {isa = PBXFileReference; lastKnownFileType = sourcecode.swift; path = n2kMemoTests.swift; sourceTree = "<group>"; };
		7BBD639D215CC046000924F0 /* Info.plist */ = {isa = PBXFileReference; lastKnownFileType = text.plist.xml; path = Info.plist; sourceTree = "<group>"; };
		7BBD63A2215CC046000924F0 /* n2k MemoUITests.xctest */ = {isa = PBXFileReference; explicitFileType = wrapper.cfbundle; includeInIndex = 0; path = "n2k MemoUITests.xctest"; sourceTree = BUILT_PRODUCTS_DIR; };
		7BBD63A6215CC046000924F0 /* n2kMemoUITests.swift */ = {isa = PBXFileReference; lastKnownFileType = sourcecode.swift; path = n2kMemoUITests.swift; sourceTree = "<group>"; };
		7BBD63A8215CC046000924F0 /* Info.plist */ = {isa = PBXFileReference; lastKnownFileType = text.plist.xml; path = Info.plist; sourceTree = "<group>"; };
		7BBD63B4215CFD11000924F0 /* Common.swift */ = {isa = PBXFileReference; lastKnownFileType = sourcecode.swift; path = Common.swift; sourceTree = "<group>"; };
		7BBD63B6215CFEE9000924F0 /* n2kMemo.entitlements */ = {isa = PBXFileReference; lastKnownFileType = text.plist.entitlements; path = n2kMemo.entitlements; sourceTree = "<group>"; };
		7BBD63BB215D0E46000924F0 /* n2k MemoServiceExtension.appex */ = {isa = PBXFileReference; explicitFileType = "wrapper.app-extension"; includeInIndex = 0; path = "n2k MemoServiceExtension.appex"; sourceTree = BUILT_PRODUCTS_DIR; };
		7BBD63BD215D0E46000924F0 /* NotificationService.swift */ = {isa = PBXFileReference; lastKnownFileType = sourcecode.swift; path = NotificationService.swift; sourceTree = "<group>"; };
		7BBD63BF215D0E46000924F0 /* Info.plist */ = {isa = PBXFileReference; lastKnownFileType = text.plist.xml; path = Info.plist; sourceTree = "<group>"; };
		7BBD63CB215D16C6000924F0 /* n2k MemoContentExtension.appex */ = {isa = PBXFileReference; explicitFileType = "wrapper.app-extension"; includeInIndex = 0; path = "n2k MemoContentExtension.appex"; sourceTree = BUILT_PRODUCTS_DIR; };
		7BBD63CD215D16C6000924F0 /* UserNotifications.framework */ = {isa = PBXFileReference; lastKnownFileType = wrapper.framework; name = UserNotifications.framework; path = System/Library/Frameworks/UserNotifications.framework; sourceTree = SDKROOT; };
		7BBD63CF215D16C6000924F0 /* UserNotificationsUI.framework */ = {isa = PBXFileReference; lastKnownFileType = wrapper.framework; name = UserNotificationsUI.framework; path = System/Library/Frameworks/UserNotificationsUI.framework; sourceTree = SDKROOT; };
		7BBD63D2215D16C6000924F0 /* NotificationViewController.swift */ = {isa = PBXFileReference; lastKnownFileType = sourcecode.swift; path = NotificationViewController.swift; sourceTree = "<group>"; };
		7BBD63D5215D16C6000924F0 /* Base */ = {isa = PBXFileReference; lastKnownFileType = file.storyboard; name = Base; path = Base.lproj/MainInterface.storyboard; sourceTree = "<group>"; };
		7BBD63D7215D16C6000924F0 /* Info.plist */ = {isa = PBXFileReference; lastKnownFileType = text.plist.xml; path = Info.plist; sourceTree = "<group>"; };
		7BBD63DF215D205F000924F0 /* CloudKitMethods.swift */ = {isa = PBXFileReference; lastKnownFileType = sourcecode.swift; path = CloudKitMethods.swift; sourceTree = "<group>"; };
		7BBD63E1215D209E000924F0 /* n2kMemoServiceExtension.entitlements */ = {isa = PBXFileReference; lastKnownFileType = text.plist.entitlements; path = n2kMemoServiceExtension.entitlements; sourceTree = "<group>"; };
		7BBD63E4215D20C4000924F0 /* CloudKit.framework */ = {isa = PBXFileReference; lastKnownFileType = wrapper.framework; name = CloudKit.framework; path = System/Library/Frameworks/CloudKit.framework; sourceTree = SDKROOT; };
		7BBD63E6215D21F3000924F0 /* PostingViewController.swift */ = {isa = PBXFileReference; lastKnownFileType = sourcecode.swift; path = PostingViewController.swift; sourceTree = "<group>"; };
		7BBD63E8215D2209000924F0 /* ConfigViewController.swift */ = {isa = PBXFileReference; lastKnownFileType = sourcecode.swift; path = ConfigViewController.swift; sourceTree = "<group>"; };
		7BBD63EC215D27D6000924F0 /* Certificates.pem */ = {isa = PBXFileReference; fileEncoding = 4; lastKnownFileType = text; path = Certificates.pem; sourceTree = "<group>"; };
		7BBD63EE215D4530000924F0 /* Certificates.p12 */ = {isa = PBXFileReference; lastKnownFileType = file; path = Certificates.p12; sourceTree = "<group>"; };
		7BBD63F0215D5E0C000924F0 /* n2kMemoContentExtension.entitlements */ = {isa = PBXFileReference; lastKnownFileType = text.plist.entitlements; path = n2kMemoContentExtension.entitlements; sourceTree = "<group>"; };
/* End PBXFileReference section */

/* Begin PBXFrameworksBuildPhase section */
		7BBD6380215CC043000924F0 /* Frameworks */ = {
			isa = PBXFrameworksBuildPhase;
			buildActionMask = 2147483647;
			files = (
				7BBD63E5215D20C4000924F0 /* CloudKit.framework in Frameworks */,
			);
			runOnlyForDeploymentPostprocessing = 0;
		};
		7BBD6394215CC046000924F0 /* Frameworks */ = {
			isa = PBXFrameworksBuildPhase;
			buildActionMask = 2147483647;
			files = (
			);
			runOnlyForDeploymentPostprocessing = 0;
		};
		7BBD639F215CC046000924F0 /* Frameworks */ = {
			isa = PBXFrameworksBuildPhase;
			buildActionMask = 2147483647;
			files = (
			);
			runOnlyForDeploymentPostprocessing = 0;
		};
		7BBD63B8215D0E46000924F0 /* Frameworks */ = {
			isa = PBXFrameworksBuildPhase;
			buildActionMask = 2147483647;
			files = (
			);
			runOnlyForDeploymentPostprocessing = 0;
		};
		7BBD63C8215D16C6000924F0 /* Frameworks */ = {
			isa = PBXFrameworksBuildPhase;
			buildActionMask = 2147483647;
			files = (
				7BBD63F1215D5E0F000924F0 /* CloudKit.framework in Frameworks */,
				7BBD63D0215D16C6000924F0 /* UserNotificationsUI.framework in Frameworks */,
				7BBD63CE215D16C6000924F0 /* UserNotifications.framework in Frameworks */,
			);
			runOnlyForDeploymentPostprocessing = 0;
		};
/* End PBXFrameworksBuildPhase section */

/* Begin PBXGroup section */
		7BBD637A215CC043000924F0 = {
			isa = PBXGroup;
			children = (
				7BBD6385215CC043000924F0 /* n2kMemo */,
				7BBD639A215CC046000924F0 /* n2kMemoTests */,
				7BBD63A5215CC046000924F0 /* n2kMemoUITests */,
				7BBD63BC215D0E46000924F0 /* n2kMemoServiceExtension */,
				7BBD63D1215D16C6000924F0 /* n2kMemoContentExtension */,
				7BBD63CC215D16C6000924F0 /* Frameworks */,
				7BBD6384215CC043000924F0 /* Products */,
			);
			sourceTree = "<group>";
		};
		7BBD6384215CC043000924F0 /* Products */ = {
			isa = PBXGroup;
			children = (
				7BBD6383215CC043000924F0 /* n2k Memo.app */,
				7BBD6397215CC046000924F0 /* n2k MemoTests.xctest */,
				7BBD63A2215CC046000924F0 /* n2k MemoUITests.xctest */,
				7BBD63BB215D0E46000924F0 /* n2k MemoServiceExtension.appex */,
				7BBD63CB215D16C6000924F0 /* n2k MemoContentExtension.appex */,
			);
			name = Products;
			sourceTree = "<group>";
		};
		7BBD6385215CC043000924F0 /* n2kMemo */ = {
			isa = PBXGroup;
			children = (
				7B024228216DEF9500591CFE /* work_in_progress.png */,
				7BBD63B6215CFEE9000924F0 /* n2kMemo.entitlements */,
				7BBD400021634DF3006AB145 /* WebViewController.swift */,
				7BBD63EC215D27D6000924F0 /* Certificates.pem */,
				7BBD63EE215D4530000924F0 /* Certificates.p12 */,
				7BBD6386215CC043000924F0 /* AppDelegate.swift */,
				7BBD63DF215D205F000924F0 /* CloudKitMethods.swift */,
				7BBD63B4215CFD11000924F0 /* Common.swift */,
				7BBD638A215CC043000924F0 /* Main.storyboard */,
				7BBD6388215CC043000924F0 /* ViewController.swift */,
				7BBD63E6215D21F3000924F0 /* PostingViewController.swift */,
				7BBD63E8215D2209000924F0 /* ConfigViewController.swift */,
				7BBD638D215CC046000924F0 /* Assets.xcassets */,
				7BBD638F215CC046000924F0 /* LaunchScreen.storyboard */,
				7BBD6392215CC046000924F0 /* Info.plist */,
			);
			path = n2kMemo;
			sourceTree = "<group>";
		};
		7BBD639A215CC046000924F0 /* n2kMemoTests */ = {
			isa = PBXGroup;
			children = (
				7BBD639B215CC046000924F0 /* n2kMemoTests.swift */,
				7BBD639D215CC046000924F0 /* Info.plist */,
			);
			path = n2kMemoTests;
			sourceTree = "<group>";
		};
		7BBD63A5215CC046000924F0 /* n2kMemoUITests */ = {
			isa = PBXGroup;
			children = (
				7BBD63A6215CC046000924F0 /* n2kMemoUITests.swift */,
				7BBD63A8215CC046000924F0 /* Info.plist */,
			);
			path = n2kMemoUITests;
			sourceTree = "<group>";
		};
		7BBD63BC215D0E46000924F0 /* n2kMemoServiceExtension */ = {
			isa = PBXGroup;
			children = (
				7BBD63E1215D209E000924F0 /* n2kMemoServiceExtension.entitlements */,
				7BBD63BD215D0E46000924F0 /* NotificationService.swift */,
				7BBD63BF215D0E46000924F0 /* Info.plist */,
			);
			path = n2kMemoServiceExtension;
			sourceTree = "<group>";
		};
		7BBD63CC215D16C6000924F0 /* Frameworks */ = {
			isa = PBXGroup;
			children = (
				7BBD63E4215D20C4000924F0 /* CloudKit.framework */,
				7BBD63CD215D16C6000924F0 /* UserNotifications.framework */,
				7BBD63CF215D16C6000924F0 /* UserNotificationsUI.framework */,
			);
			name = Frameworks;
			sourceTree = "<group>";
		};
		7BBD63D1215D16C6000924F0 /* n2kMemoContentExtension */ = {
			isa = PBXGroup;
			children = (
				7BBD63F0215D5E0C000924F0 /* n2kMemoContentExtension.entitlements */,
				7BBD63D2215D16C6000924F0 /* NotificationViewController.swift */,
				7BBD63D4215D16C6000924F0 /* MainInterface.storyboard */,
				7BBD63D7215D16C6000924F0 /* Info.plist */,
			);
			path = n2kMemoContentExtension;
			sourceTree = "<group>";
		};
/* End PBXGroup section */

/* Begin PBXNativeTarget section */
		7BBD6382215CC043000924F0 /* n2k Memo */ = {
			isa = PBXNativeTarget;
			buildConfigurationList = 7BBD63AB215CC046000924F0 /* Build configuration list for PBXNativeTarget "n2k Memo" */;
			buildPhases = (
				7BBD637F215CC043000924F0 /* Sources */,
				7BBD6380215CC043000924F0 /* Frameworks */,
				7BBD6381215CC043000924F0 /* Resources */,
				7BBD63C6215D0E47000924F0 /* Embed App Extensions */,
			);
			buildRules = (
			);
			dependencies = (
				7BBD63C1215D0E46000924F0 /* PBXTargetDependency */,
				7BBD63D9215D16C6000924F0 /* PBXTargetDependency */,
			);
			name = "n2k Memo";
			productName = n2kMemo;
			productReference = 7BBD6383215CC043000924F0 /* n2k Memo.app */;
			productType = "com.apple.product-type.application";
		};
		7BBD6396215CC046000924F0 /* n2k MemoTests */ = {
			isa = PBXNativeTarget;
			buildConfigurationList = 7BBD63AE215CC046000924F0 /* Build configuration list for PBXNativeTarget "n2k MemoTests" */;
			buildPhases = (
				7BBD6393215CC046000924F0 /* Sources */,
				7BBD6394215CC046000924F0 /* Frameworks */,
				7BBD6395215CC046000924F0 /* Resources */,
			);
			buildRules = (
			);
			dependencies = (
				7BBD6399215CC046000924F0 /* PBXTargetDependency */,
			);
			name = "n2k MemoTests";
			productName = n2kMemoTests;
			productReference = 7BBD6397215CC046000924F0 /* n2k MemoTests.xctest */;
			productType = "com.apple.product-type.bundle.unit-test";
		};
		7BBD63A1215CC046000924F0 /* n2k MemoUITests */ = {
			isa = PBXNativeTarget;
			buildConfigurationList = 7BBD63B1215CC046000924F0 /* Build configuration list for PBXNativeTarget "n2k MemoUITests" */;
			buildPhases = (
				7BBD639E215CC046000924F0 /* Sources */,
				7BBD639F215CC046000924F0 /* Frameworks */,
				7BBD63A0215CC046000924F0 /* Resources */,
			);
			buildRules = (
			);
			dependencies = (
				7BBD63A4215CC046000924F0 /* PBXTargetDependency */,
			);
			name = "n2k MemoUITests";
			productName = n2kMemoUITests;
			productReference = 7BBD63A2215CC046000924F0 /* n2k MemoUITests.xctest */;
			productType = "com.apple.product-type.bundle.ui-testing";
		};
		7BBD63BA215D0E46000924F0 /* n2k MemoServiceExtension */ = {
			isa = PBXNativeTarget;
			buildConfigurationList = 7BBD63C3215D0E47000924F0 /* Build configuration list for PBXNativeTarget "n2k MemoServiceExtension" */;
			buildPhases = (
				7BBD63B7215D0E46000924F0 /* Sources */,
				7BBD63B8215D0E46000924F0 /* Frameworks */,
				7BBD63B9215D0E46000924F0 /* Resources */,
			);
			buildRules = (
			);
			dependencies = (
			);
			name = "n2k MemoServiceExtension";
			productName = n2kMemoServiceExtension;
			productReference = 7BBD63BB215D0E46000924F0 /* n2k MemoServiceExtension.appex */;
			productType = "com.apple.product-type.app-extension";
		};
		7BBD63CA215D16C6000924F0 /* n2k MemoContentExtension */ = {
			isa = PBXNativeTarget;
			buildConfigurationList = 7BBD63DB215D16C6000924F0 /* Build configuration list for PBXNativeTarget "n2k MemoContentExtension" */;
			buildPhases = (
				7BBD63C7215D16C6000924F0 /* Sources */,
				7BBD63C8215D16C6000924F0 /* Frameworks */,
				7BBD63C9215D16C6000924F0 /* Resources */,
			);
			buildRules = (
			);
			dependencies = (
			);
			name = "n2k MemoContentExtension";
			productName = n2kMemoContentExtension;
			productReference = 7BBD63CB215D16C6000924F0 /* n2k MemoContentExtension.appex */;
			productType = "com.apple.product-type.app-extension";
		};
/* End PBXNativeTarget section */

/* Begin PBXProject section */
		7BBD637B215CC043000924F0 /* Project object */ = {
			isa = PBXProject;
			attributes = {
				LastSwiftUpdateCheck = 1000;
				LastUpgradeCheck = 1000;
				ORGANIZATIONNAME = ch.cqd.n2kMemo;
				TargetAttributes = {
					7BBD6382215CC043000924F0 = {
						CreatedOnToolsVersion = 10.0;
						SystemCapabilities = {
							com.apple.BackgroundModes = {
								enabled = 1;
							};
							com.apple.Push = {
								enabled = 1;
							};
							com.apple.iCloud = {
								enabled = 1;
							};
						};
					};
					7BBD6396215CC046000924F0 = {
						CreatedOnToolsVersion = 10.0;
						TestTargetID = 7BBD6382215CC043000924F0;
					};
					7BBD63A1215CC046000924F0 = {
						CreatedOnToolsVersion = 10.0;
						TestTargetID = 7BBD6382215CC043000924F0;
					};
					7BBD63BA215D0E46000924F0 = {
						CreatedOnToolsVersion = 10.0;
						SystemCapabilities = {
							com.apple.Push = {
								enabled = 1;
							};
							com.apple.iCloud = {
								enabled = 0;
							};
						};
					};
					7BBD63CA215D16C6000924F0 = {
						CreatedOnToolsVersion = 10.0;
						SystemCapabilities = {
							com.apple.Push = {
								enabled = 1;
							};
							com.apple.iCloud = {
								enabled = 1;
							};
						};
					};
				};
			};
			buildConfigurationList = 7BBD637E215CC043000924F0 /* Build configuration list for PBXProject "n2k Memo" */;
			compatibilityVersion = "Xcode 9.3";
			developmentRegion = en;
			hasScannedForEncodings = 0;
			knownRegions = (
				en,
				Base,
			);
			mainGroup = 7BBD637A215CC043000924F0;
			productRefGroup = 7BBD6384215CC043000924F0 /* Products */;
			projectDirPath = "";
			projectRoot = "";
			targets = (
				7BBD6382215CC043000924F0 /* n2k Memo */,
				7BBD6396215CC046000924F0 /* n2k MemoTests */,
				7BBD63A1215CC046000924F0 /* n2k MemoUITests */,
				7BBD63BA215D0E46000924F0 /* n2k MemoServiceExtension */,
				7BBD63CA215D16C6000924F0 /* n2k MemoContentExtension */,
			);
		};
/* End PBXProject section */

/* Begin PBXResourcesBuildPhase section */
		7BBD6381215CC043000924F0 /* Resources */ = {
			isa = PBXResourcesBuildPhase;
			buildActionMask = 2147483647;
			files = (
				7BBD6391215CC046000924F0 /* LaunchScreen.storyboard in Resources */,
				7BBD63EF215D4530000924F0 /* Certificates.p12 in Resources */,
				7BBD638E215CC046000924F0 /* Assets.xcassets in Resources */,
				7BBD63ED215D27D6000924F0 /* Certificates.pem in Resources */,
				7B024229216DEF9500591CFE /* work_in_progress.png in Resources */,
				7BBD638C215CC043000924F0 /* Main.storyboard in Resources */,
			);
			runOnlyForDeploymentPostprocessing = 0;
		};
		7BBD6395215CC046000924F0 /* Resources */ = {
			isa = PBXResourcesBuildPhase;
			buildActionMask = 2147483647;
			files = (
			);
			runOnlyForDeploymentPostprocessing = 0;
		};
		7BBD63A0215CC046000924F0 /* Resources */ = {
			isa = PBXResourcesBuildPhase;
			buildActionMask = 2147483647;
			files = (
			);
			runOnlyForDeploymentPostprocessing = 0;
		};
		7BBD63B9215D0E46000924F0 /* Resources */ = {
			isa = PBXResourcesBuildPhase;
			buildActionMask = 2147483647;
			files = (
			);
			runOnlyForDeploymentPostprocessing = 0;
		};
		7BBD63C9215D16C6000924F0 /* Resources */ = {
			isa = PBXResourcesBuildPhase;
			buildActionMask = 2147483647;
			files = (
				7BBD63D6215D16C6000924F0 /* MainInterface.storyboard in Resources */,
			);
			runOnlyForDeploymentPostprocessing = 0;
		};
/* End PBXResourcesBuildPhase section */

/* Begin PBXSourcesBuildPhase section */
		7BBD637F215CC043000924F0 /* Sources */ = {
			isa = PBXSourcesBuildPhase;
			buildActionMask = 2147483647;
			files = (
				7BBD6389215CC043000924F0 /* ViewController.swift in Sources */,
				7BBD63B5215CFD11000924F0 /* Common.swift in Sources */,
				7BBD63E9215D2209000924F0 /* ConfigViewController.swift in Sources */,
				7BBD6387215CC043000924F0 /* AppDelegate.swift in Sources */,
				7BBD400121634DF3006AB145 /* WebViewController.swift in Sources */,
				7BBD63E0215D205F000924F0 /* CloudKitMethods.swift in Sources */,
				7BBD63E7215D21F3000924F0 /* PostingViewController.swift in Sources */,
			);
			runOnlyForDeploymentPostprocessing = 0;
		};
		7BBD6393215CC046000924F0 /* Sources */ = {
			isa = PBXSourcesBuildPhase;
			buildActionMask = 2147483647;
			files = (
				7BBD639C215CC046000924F0 /* n2kMemoTests.swift in Sources */,
			);
			runOnlyForDeploymentPostprocessing = 0;
		};
		7BBD639E215CC046000924F0 /* Sources */ = {
			isa = PBXSourcesBuildPhase;
			buildActionMask = 2147483647;
			files = (
				7BBD63A7215CC046000924F0 /* n2kMemoUITests.swift in Sources */,
			);
			runOnlyForDeploymentPostprocessing = 0;
		};
		7BBD63B7215D0E46000924F0 /* Sources */ = {
			isa = PBXSourcesBuildPhase;
			buildActionMask = 2147483647;
			files = (
				7BBD63BE215D0E46000924F0 /* NotificationService.swift in Sources */,
			);
			runOnlyForDeploymentPostprocessing = 0;
		};
		7BBD63C7215D16C6000924F0 /* Sources */ = {
			isa = PBXSourcesBuildPhase;
			buildActionMask = 2147483647;
			files = (
				7BBD63D3215D16C6000924F0 /* NotificationViewController.swift in Sources */,
			);
			runOnlyForDeploymentPostprocessing = 0;
		};
/* End PBXSourcesBuildPhase section */

/* Begin PBXTargetDependency section */
		7BBD6399215CC046000924F0 /* PBXTargetDependency */ = {
			isa = PBXTargetDependency;
			target = 7BBD6382215CC043000924F0 /* n2k Memo */;
			targetProxy = 7BBD6398215CC046000924F0 /* PBXContainerItemProxy */;
		};
		7BBD63A4215CC046000924F0 /* PBXTargetDependency */ = {
			isa = PBXTargetDependency;
			target = 7BBD6382215CC043000924F0 /* n2k Memo */;
			targetProxy = 7BBD63A3215CC046000924F0 /* PBXContainerItemProxy */;
		};
		7BBD63C1215D0E46000924F0 /* PBXTargetDependency */ = {
			isa = PBXTargetDependency;
			target = 7BBD63BA215D0E46000924F0 /* n2k MemoServiceExtension */;
			targetProxy = 7BBD63C0215D0E46000924F0 /* PBXContainerItemProxy */;
		};
		7BBD63D9215D16C6000924F0 /* PBXTargetDependency */ = {
			isa = PBXTargetDependency;
			target = 7BBD63CA215D16C6000924F0 /* n2k MemoContentExtension */;
			targetProxy = 7BBD63D8215D16C6000924F0 /* PBXContainerItemProxy */;
		};
/* End PBXTargetDependency section */

/* Begin PBXVariantGroup section */
		7BBD638A215CC043000924F0 /* Main.storyboard */ = {
			isa = PBXVariantGroup;
			children = (
				7BBD638B215CC043000924F0 /* Base */,
			);
			name = Main.storyboard;
			sourceTree = "<group>";
		};
		7BBD638F215CC046000924F0 /* LaunchScreen.storyboard */ = {
			isa = PBXVariantGroup;
			children = (
				7BBD6390215CC046000924F0 /* Base */,
			);
			name = LaunchScreen.storyboard;
			sourceTree = "<group>";
		};
		7BBD63D4215D16C6000924F0 /* MainInterface.storyboard */ = {
			isa = PBXVariantGroup;
			children = (
				7BBD63D5215D16C6000924F0 /* Base */,
			);
			name = MainInterface.storyboard;
			sourceTree = "<group>";
		};
/* End PBXVariantGroup section */

/* Begin XCBuildConfiguration section */
		7BBD63A9215CC046000924F0 /* Debug */ = {
			isa = XCBuildConfiguration;
			buildSettings = {
				ALWAYS_SEARCH_USER_PATHS = NO;
				CLANG_ANALYZER_NONNULL = YES;
				CLANG_ANALYZER_NUMBER_OBJECT_CONVERSION = YES_AGGRESSIVE;
				CLANG_CXX_LANGUAGE_STANDARD = "gnu++14";
				CLANG_CXX_LIBRARY = "libc++";
				CLANG_ENABLE_MODULES = YES;
				CLANG_ENABLE_OBJC_ARC = YES;
				CLANG_ENABLE_OBJC_WEAK = YES;
				CLANG_WARN_BLOCK_CAPTURE_AUTORELEASING = YES;
				CLANG_WARN_BOOL_CONVERSION = YES;
				CLANG_WARN_COMMA = YES;
				CLANG_WARN_CONSTANT_CONVERSION = YES;
				CLANG_WARN_DEPRECATED_OBJC_IMPLEMENTATIONS = YES;
				CLANG_WARN_DIRECT_OBJC_ISA_USAGE = YES_ERROR;
				CLANG_WARN_DOCUMENTATION_COMMENTS = YES;
				CLANG_WARN_EMPTY_BODY = YES;
				CLANG_WARN_ENUM_CONVERSION = YES;
				CLANG_WARN_INFINITE_RECURSION = YES;
				CLANG_WARN_INT_CONVERSION = YES;
				CLANG_WARN_NON_LITERAL_NULL_CONVERSION = YES;
				CLANG_WARN_OBJC_IMPLICIT_RETAIN_SELF = YES;
				CLANG_WARN_OBJC_LITERAL_CONVERSION = YES;
				CLANG_WARN_OBJC_ROOT_CLASS = YES_ERROR;
				CLANG_WARN_RANGE_LOOP_ANALYSIS = YES;
				CLANG_WARN_STRICT_PROTOTYPES = YES;
				CLANG_WARN_SUSPICIOUS_MOVE = YES;
				CLANG_WARN_UNGUARDED_AVAILABILITY = YES_AGGRESSIVE;
				CLANG_WARN_UNREACHABLE_CODE = YES;
				CLANG_WARN__DUPLICATE_METHOD_MATCH = YES;
				CODE_SIGN_IDENTITY = "iPhone Developer";
				COPY_PHASE_STRIP = NO;
				DEBUG_INFORMATION_FORMAT = dwarf;
				ENABLE_STRICT_OBJC_MSGSEND = YES;
				ENABLE_TESTABILITY = YES;
				GCC_C_LANGUAGE_STANDARD = gnu11;
				GCC_DYNAMIC_NO_PIC = NO;
				GCC_NO_COMMON_BLOCKS = YES;
				GCC_OPTIMIZATION_LEVEL = 0;
				GCC_PREPROCESSOR_DEFINITIONS = (
					"DEBUG=1",
					"$(inherited)",
				);
				GCC_WARN_64_TO_32_BIT_CONVERSION = YES;
				GCC_WARN_ABOUT_RETURN_TYPE = YES_ERROR;
				GCC_WARN_UNDECLARED_SELECTOR = YES;
				GCC_WARN_UNINITIALIZED_AUTOS = YES_AGGRESSIVE;
				GCC_WARN_UNUSED_FUNCTION = YES;
				GCC_WARN_UNUSED_VARIABLE = YES;
				IPHONEOS_DEPLOYMENT_TARGET = 11.0;
				MTL_ENABLE_DEBUG_INFO = INCLUDE_SOURCE;
				MTL_FAST_MATH = YES;
				ONLY_ACTIVE_ARCH = YES;
				SDKROOT = iphoneos;
				SWIFT_ACTIVE_COMPILATION_CONDITIONS = DEBUG;
				SWIFT_OPTIMIZATION_LEVEL = "-Onone";
			};
			name = Debug;
		};
		7BBD63AA215CC046000924F0 /* Release */ = {
			isa = XCBuildConfiguration;
			buildSettings = {
				ALWAYS_SEARCH_USER_PATHS = NO;
				CLANG_ANALYZER_NONNULL = YES;
				CLANG_ANALYZER_NUMBER_OBJECT_CONVERSION = YES_AGGRESSIVE;
				CLANG_CXX_LANGUAGE_STANDARD = "gnu++14";
				CLANG_CXX_LIBRARY = "libc++";
				CLANG_ENABLE_MODULES = YES;
				CLANG_ENABLE_OBJC_ARC = YES;
				CLANG_ENABLE_OBJC_WEAK = YES;
				CLANG_WARN_BLOCK_CAPTURE_AUTORELEASING = YES;
				CLANG_WARN_BOOL_CONVERSION = YES;
				CLANG_WARN_COMMA = YES;
				CLANG_WARN_CONSTANT_CONVERSION = YES;
				CLANG_WARN_DEPRECATED_OBJC_IMPLEMENTATIONS = YES;
				CLANG_WARN_DIRECT_OBJC_ISA_USAGE = YES_ERROR;
				CLANG_WARN_DOCUMENTATION_COMMENTS = YES;
				CLANG_WARN_EMPTY_BODY = YES;
				CLANG_WARN_ENUM_CONVERSION = YES;
				CLANG_WARN_INFINITE_RECURSION = YES;
				CLANG_WARN_INT_CONVERSION = YES;
				CLANG_WARN_NON_LITERAL_NULL_CONVERSION = YES;
				CLANG_WARN_OBJC_IMPLICIT_RETAIN_SELF = YES;
				CLANG_WARN_OBJC_LITERAL_CONVERSION = YES;
				CLANG_WARN_OBJC_ROOT_CLASS = YES_ERROR;
				CLANG_WARN_RANGE_LOOP_ANALYSIS = YES;
				CLANG_WARN_STRICT_PROTOTYPES = YES;
				CLANG_WARN_SUSPICIOUS_MOVE = YES;
				CLANG_WARN_UNGUARDED_AVAILABILITY = YES_AGGRESSIVE;
				CLANG_WARN_UNREACHABLE_CODE = YES;
				CLANG_WARN__DUPLICATE_METHOD_MATCH = YES;
				CODE_SIGN_IDENTITY = "iPhone Developer";
				COPY_PHASE_STRIP = NO;
				DEBUG_INFORMATION_FORMAT = "dwarf-with-dsym";
				ENABLE_NS_ASSERTIONS = NO;
				ENABLE_STRICT_OBJC_MSGSEND = YES;
				GCC_C_LANGUAGE_STANDARD = gnu11;
				GCC_NO_COMMON_BLOCKS = YES;
				GCC_WARN_64_TO_32_BIT_CONVERSION = YES;
				GCC_WARN_ABOUT_RETURN_TYPE = YES_ERROR;
				GCC_WARN_UNDECLARED_SELECTOR = YES;
				GCC_WARN_UNINITIALIZED_AUTOS = YES_AGGRESSIVE;
				GCC_WARN_UNUSED_FUNCTION = YES;
				GCC_WARN_UNUSED_VARIABLE = YES;
				IPHONEOS_DEPLOYMENT_TARGET = 11.0;
				MTL_ENABLE_DEBUG_INFO = NO;
				MTL_FAST_MATH = YES;
				SDKROOT = iphoneos;
				SWIFT_COMPILATION_MODE = wholemodule;
				SWIFT_OPTIMIZATION_LEVEL = "-O";
				VALIDATE_PRODUCT = YES;
			};
			name = Release;
		};
		7BBD63AC215CC046000924F0 /* Debug */ = {
			isa = XCBuildConfiguration;
			buildSettings = {
				ALWAYS_EMBED_SWIFT_STANDARD_LIBRARIES = YES;
				ASSETCATALOG_COMPILER_APPICON_NAME = AppIcon;
				CODE_SIGN_ENTITLEMENTS = n2kMemo/n2kMemo.entitlements;
				CODE_SIGN_STYLE = Automatic;
				DEVELOPMENT_TEAM = CWGS87U262;
				INFOPLIST_FILE = n2kMemo/Info.plist;
				IPHONEOS_DEPLOYMENT_TARGET = 11.0;
				LD_RUNPATH_SEARCH_PATHS = (
					"$(inherited)",
					"@executable_path/Frameworks",
				);
				PRODUCT_BUNDLE_IDENTIFIER = ch.cqd.n2kMemo;
				PRODUCT_NAME = "$(TARGET_NAME)";
				SWIFT_VERSION = 4.2;
				TARGETED_DEVICE_FAMILY = "1,2";
			};
			name = Debug;
		};
		7BBD63AD215CC046000924F0 /* Release */ = {
			isa = XCBuildConfiguration;
			buildSettings = {
				ALWAYS_EMBED_SWIFT_STANDARD_LIBRARIES = YES;
				ASSETCATALOG_COMPILER_APPICON_NAME = AppIcon;
				CODE_SIGN_ENTITLEMENTS = n2kMemo/n2kMemo.entitlements;
				CODE_SIGN_STYLE = Automatic;
				DEVELOPMENT_TEAM = CWGS87U262;
				INFOPLIST_FILE = n2kMemo/Info.plist;
				IPHONEOS_DEPLOYMENT_TARGET = 11.0;
				LD_RUNPATH_SEARCH_PATHS = (
					"$(inherited)",
					"@executable_path/Frameworks",
				);
				PRODUCT_BUNDLE_IDENTIFIER = ch.cqd.n2kMemo;
				PRODUCT_NAME = "$(TARGET_NAME)";
				SWIFT_VERSION = 4.2;
				TARGETED_DEVICE_FAMILY = "1,2";
			};
			name = Release;
		};
		7BBD63AF215CC046000924F0 /* Debug */ = {
			isa = XCBuildConfiguration;
			buildSettings = {
				ALWAYS_EMBED_SWIFT_STANDARD_LIBRARIES = YES;
				BUNDLE_LOADER = "$(TEST_HOST)";
				CODE_SIGN_STYLE = Automatic;
				DEVELOPMENT_TEAM = CWGS87U262;
				INFOPLIST_FILE = n2kMemoTests/Info.plist;
				LD_RUNPATH_SEARCH_PATHS = (
					"$(inherited)",
					"@executable_path/Frameworks",
					"@loader_path/Frameworks",
				);
				PRODUCT_BUNDLE_IDENTIFIER = ch.cqd.n2kMemo.n2kMemoTests;
				PRODUCT_NAME = "$(TARGET_NAME)";
				SWIFT_VERSION = 4.2;
				TARGETED_DEVICE_FAMILY = "1,2";
				TEST_HOST = "$(BUILT_PRODUCTS_DIR)/n2k Memo.app/n2k Memo";
			};
			name = Debug;
		};
		7BBD63B0215CC046000924F0 /* Release */ = {
			isa = XCBuildConfiguration;
			buildSettings = {
				ALWAYS_EMBED_SWIFT_STANDARD_LIBRARIES = YES;
				BUNDLE_LOADER = "$(TEST_HOST)";
				CODE_SIGN_STYLE = Automatic;
				DEVELOPMENT_TEAM = CWGS87U262;
				INFOPLIST_FILE = n2kMemoTests/Info.plist;
				LD_RUNPATH_SEARCH_PATHS = (
					"$(inherited)",
					"@executable_path/Frameworks",
					"@loader_path/Frameworks",
				);
				PRODUCT_BUNDLE_IDENTIFIER = ch.cqd.n2kMemo.n2kMemoTests;
				PRODUCT_NAME = "$(TARGET_NAME)";
				SWIFT_VERSION = 4.2;
				TARGETED_DEVICE_FAMILY = "1,2";
				TEST_HOST = "$(BUILT_PRODUCTS_DIR)/n2k Memo.app/n2k Memo";
			};
			name = Release;
		};
		7BBD63B2215CC046000924F0 /* Debug */ = {
			isa = XCBuildConfiguration;
			buildSettings = {
				ALWAYS_EMBED_SWIFT_STANDARD_LIBRARIES = YES;
				CODE_SIGN_STYLE = Automatic;
				DEVELOPMENT_TEAM = CWGS87U262;
				INFOPLIST_FILE = n2kMemoUITests/Info.plist;
				LD_RUNPATH_SEARCH_PATHS = (
					"$(inherited)",
					"@executable_path/Frameworks",
					"@loader_path/Frameworks",
				);
				PRODUCT_BUNDLE_IDENTIFIER = ch.cqd.n2kMemo.n2kMemoUITests;
				PRODUCT_NAME = "$(TARGET_NAME)";
				SWIFT_VERSION = 4.2;
				TARGETED_DEVICE_FAMILY = "1,2";
				TEST_TARGET_NAME = n2kMemo;
			};
			name = Debug;
		};
		7BBD63B3215CC046000924F0 /* Release */ = {
			isa = XCBuildConfiguration;
			buildSettings = {
				ALWAYS_EMBED_SWIFT_STANDARD_LIBRARIES = YES;
				CODE_SIGN_STYLE = Automatic;
				DEVELOPMENT_TEAM = CWGS87U262;
				INFOPLIST_FILE = n2kMemoUITests/Info.plist;
				LD_RUNPATH_SEARCH_PATHS = (
					"$(inherited)",
					"@executable_path/Frameworks",
					"@loader_path/Frameworks",
				);
				PRODUCT_BUNDLE_IDENTIFIER = ch.cqd.n2kMemo.n2kMemoUITests;
				PRODUCT_NAME = "$(TARGET_NAME)";
				SWIFT_VERSION = 4.2;
				TARGETED_DEVICE_FAMILY = "1,2";
				TEST_TARGET_NAME = n2kMemo;
			};
			name = Release;
		};
		7BBD63C4215D0E47000924F0 /* Debug */ = {
			isa = XCBuildConfiguration;
			buildSettings = {
				CODE_SIGN_ENTITLEMENTS = n2kMemoServiceExtension/n2kMemoServiceExtension.entitlements;
				CODE_SIGN_STYLE = Automatic;
				DEVELOPMENT_TEAM = CWGS87U262;
				INFOPLIST_FILE = n2kMemoServiceExtension/Info.plist;
				IPHONEOS_DEPLOYMENT_TARGET = 11.0;
				LD_RUNPATH_SEARCH_PATHS = (
					"$(inherited)",
					"@executable_path/Frameworks",
					"@executable_path/../../Frameworks",
				);
				PRODUCT_BUNDLE_IDENTIFIER = ch.cqd.n2kMemo.n2kMemoServiceExtension;
				PRODUCT_NAME = "$(TARGET_NAME)";
				SKIP_INSTALL = YES;
				SWIFT_VERSION = 4.2;
				TARGETED_DEVICE_FAMILY = "1,2";
			};
			name = Debug;
		};
		7BBD63C5215D0E47000924F0 /* Release */ = {
			isa = XCBuildConfiguration;
			buildSettings = {
				CODE_SIGN_ENTITLEMENTS = n2kMemoServiceExtension/n2kMemoServiceExtension.entitlements;
				CODE_SIGN_STYLE = Automatic;
				DEVELOPMENT_TEAM = CWGS87U262;
				INFOPLIST_FILE = n2kMemoServiceExtension/Info.plist;
				IPHONEOS_DEPLOYMENT_TARGET = 11.0;
				LD_RUNPATH_SEARCH_PATHS = (
					"$(inherited)",
					"@executable_path/Frameworks",
					"@executable_path/../../Frameworks",
				);
				PRODUCT_BUNDLE_IDENTIFIER = ch.cqd.n2kMemo.n2kMemoServiceExtension;
				PRODUCT_NAME = "$(TARGET_NAME)";
				SKIP_INSTALL = YES;
				SWIFT_VERSION = 4.2;
				TARGETED_DEVICE_FAMILY = "1,2";
			};
			name = Release;
		};
		7BBD63DC215D16C6000924F0 /* Debug */ = {
			isa = XCBuildConfiguration;
			buildSettings = {
				CODE_SIGN_ENTITLEMENTS = n2kMemoContentExtension/n2kMemoContentExtension.entitlements;
				CODE_SIGN_STYLE = Automatic;
				DEVELOPMENT_TEAM = CWGS87U262;
				INFOPLIST_FILE = n2kMemoContentExtension/Info.plist;
				IPHONEOS_DEPLOYMENT_TARGET = 11.0;
				LD_RUNPATH_SEARCH_PATHS = (
					"$(inherited)",
					"@executable_path/Frameworks",
					"@executable_path/../../Frameworks",
				);
				PRODUCT_BUNDLE_IDENTIFIER = ch.cqd.n2kMemo.n2kMemoContentExtension;
				PRODUCT_NAME = "$(TARGET_NAME)";
				SKIP_INSTALL = YES;
				SWIFT_VERSION = 4.2;
				TARGETED_DEVICE_FAMILY = "1,2";
			};
			name = Debug;
		};
		7BBD63DD215D16C6000924F0 /* Release */ = {
			isa = XCBuildConfiguration;
			buildSettings = {
				CODE_SIGN_ENTITLEMENTS = n2kMemoContentExtension/n2kMemoContentExtension.entitlements;
				CODE_SIGN_STYLE = Automatic;
				DEVELOPMENT_TEAM = CWGS87U262;
				INFOPLIST_FILE = n2kMemoContentExtension/Info.plist;
				IPHONEOS_DEPLOYMENT_TARGET = 11.0;
				LD_RUNPATH_SEARCH_PATHS = (
					"$(inherited)",
					"@executable_path/Frameworks",
					"@executable_path/../../Frameworks",
				);
				PRODUCT_BUNDLE_IDENTIFIER = ch.cqd.n2kMemo.n2kMemoContentExtension;
				PRODUCT_NAME = "$(TARGET_NAME)";
				SKIP_INSTALL = YES;
				SWIFT_VERSION = 4.2;
				TARGETED_DEVICE_FAMILY = "1,2";
			};
			name = Release;
		};
/* End XCBuildConfiguration section */

/* Begin XCConfigurationList section */
		7BBD637E215CC043000924F0 /* Build configuration list for PBXProject "n2k Memo" */ = {
			isa = XCConfigurationList;
			buildConfigurations = (
				7BBD63A9215CC046000924F0 /* Debug */,
				7BBD63AA215CC046000924F0 /* Release */,
			);
			defaultConfigurationIsVisible = 0;
			defaultConfigurationName = Release;
		};
		7BBD63AB215CC046000924F0 /* Build configuration list for PBXNativeTarget "n2k Memo" */ = {
			isa = XCConfigurationList;
			buildConfigurations = (
				7BBD63AC215CC046000924F0 /* Debug */,
				7BBD63AD215CC046000924F0 /* Release */,
			);
			defaultConfigurationIsVisible = 0;
			defaultConfigurationName = Release;
		};
		7BBD63AE215CC046000924F0 /* Build configuration list for PBXNativeTarget "n2k MemoTests" */ = {
			isa = XCConfigurationList;
			buildConfigurations = (
				7BBD63AF215CC046000924F0 /* Debug */,
				7BBD63B0215CC046000924F0 /* Release */,
			);
			defaultConfigurationIsVisible = 0;
			defaultConfigurationName = Release;
		};
		7BBD63B1215CC046000924F0 /* Build configuration list for PBXNativeTarget "n2k MemoUITests" */ = {
			isa = XCConfigurationList;
			buildConfigurations = (
				7BBD63B2215CC046000924F0 /* Debug */,
				7BBD63B3215CC046000924F0 /* Release */,
			);
			defaultConfigurationIsVisible = 0;
			defaultConfigurationName = Release;
		};
		7BBD63C3215D0E47000924F0 /* Build configuration list for PBXNativeTarget "n2k MemoServiceExtension" */ = {
			isa = XCConfigurationList;
			buildConfigurations = (
				7BBD63C4215D0E47000924F0 /* Debug */,
				7BBD63C5215D0E47000924F0 /* Release */,
			);
			defaultConfigurationIsVisible = 0;
			defaultConfigurationName = Release;
		};
		7BBD63DB215D16C6000924F0 /* Build configuration list for PBXNativeTarget "n2k MemoContentExtension" */ = {
			isa = XCConfigurationList;
			buildConfigurations = (
				7BBD63DC215D16C6000924F0 /* Debug */,
				7BBD63DD215D16C6000924F0 /* Release */,
			);
			defaultConfigurationIsVisible = 0;
			defaultConfigurationName = Release;
		};
/* End XCConfigurationList section */
	};
	rootObject = 7BBD637B215CC043000924F0 /* Project object */;
}
